{
  "version": 4,
  "terraform_version": "0.12.23",
  "serial": 19,
  "lineage": "1a83d7c3-dbea-b7b5-2500-e88f7c26895f",
  "outputs": {},
  "resources": [
    {
      "mode": "managed",
      "type": "mso_schema_template_anp_epg_contract",
      "name": "contract1",
      "provider": "provider.mso",
      "instances": [
        {
          "schema_version": 1,
          "attributes": {
            "anp_name": "ANP-Financial",
            "contract_name": "Web-to-Internet-Financial",
            "contract_schema_id": "5e2dd7112c00005db60a268b",
            "contract_template_name": "Template1",
            "epg_name": "Web",
            "id": "Web-to-Internet-Financial",
            "relationship_type": "provider",
            "schema_id": "5e2dd7112c00005db60a268b",
            "template_name": "Template1"
          },
          "private": "eyJzY2hlbWFfdmVyc2lvbiI6IjEifQ=="
        }
      ]
    }
  ]
}
