{
  "version": 4,
  "terraform_version": "0.12.23",
  "serial": 7,
  "lineage": "b03c8e2a-c34f-c5fc-fa05-234b622b6fdd",
  "outputs": {},
  "resources": [
    {
      "mode": "managed",
      "type": "mso_site",
      "name": "site_test_1",
      "provider": "provider.mso",
      "instances": [
        {
          "schema_version": 1,
          "attributes": {
            "apic_site_id": "998",
            "cloud_providers": null,
            "id": "5ea93dd50f0000991fda2a2a",
            "labels": [],
            "location": {},
            "name": "Cisco_MSO123",
            "password": "cisco123",
            "platform": "on-premise",
            "urls": [
              "https://192.168.10.102"
            ],
            "username": "admin"
          },
          "private": "eyJzY2hlbWFfdmVyc2lvbiI6IjEifQ=="
        }
      ]
    }
  ]
}
