{
  "version": 4,
  "terraform_version": "0.12.21",
  "serial": 29,
  "lineage": "8bed4a18-de3f-36dc-712f-416160289a08",
  "outputs": {},
  "resources": [
    {
      "mode": "managed",
      "type": "mso_schema_template_anp_epg_contract",
      "name": "contract2",
      "each": "list",
      "provider": "provider.mso",
      "instances": [
        {
          "index_key": 0,
          "schema_version": 1,
          "attributes": {
            "anp_name": "sanp1",
            "contract_name": "sC10",
            "contract_schema_id": "5eb009212c00003d960a2906",
            "contract_template_name": "stemplate",
            "epg_name": "anpepg1",
            "id": "sC10",
            "relationship_type": "provider",
            "schema_id": "5eb009212c00003d960a2906",
            "template_name": "stemplate"
          },
          "private": "eyJzY2hlbWFfdmVyc2lvbiI6IjEifQ=="
        },
        {
          "index_key": 1,
          "schema_version": 1,
          "attributes": {
            "anp_name": "sanp1",
            "contract_name": "sC11",
            "contract_schema_id": "5eb009212c00003d960a2906",
            "contract_template_name": "stemplate",
            "epg_name": "anpepg1",
            "id": "sC11",
            "relationship_type": "provider",
            "schema_id": "5eb009212c00003d960a2906",
            "template_name": "stemplate"
          },
          "private": "eyJzY2hlbWFfdmVyc2lvbiI6IjEifQ=="
        },
        {
          "index_key": 2,
          "schema_version": 1,
          "attributes": {
            "anp_name": "sanp1",
            "contract_name": "sC12",
            "contract_schema_id": "5eb009212c00003d960a2906",
            "contract_template_name": "stemplate",
            "epg_name": "anpepg1",
            "id": "sC12",
            "relationship_type": "provider",
            "schema_id": "5eb009212c00003d960a2906",
            "template_name": "stemplate"
          },
          "private": "eyJzY2hlbWFfdmVyc2lvbiI6IjEifQ=="
        },
        {
          "index_key": 3,
          "schema_version": 1,
          "attributes": {
            "anp_name": "sanp1",
            "contract_name": "sC13",
            "contract_schema_id": "5eb009212c00003d960a2906",
            "contract_template_name": "stemplate",
            "epg_name": "anpepg1",
            "id": "sC13",
            "relationship_type": "provider",
            "schema_id": "5eb009212c00003d960a2906",
            "template_name": "stemplate"
          },
          "private": "eyJzY2hlbWFfdmVyc2lvbiI6IjEifQ=="
        },
        {
          "index_key": 4,
          "schema_version": 1,
          "attributes": {
            "anp_name": "sanp1",
            "contract_name": "sC14",
            "contract_schema_id": "5eb009212c00003d960a2906",
            "contract_template_name": "stemplate",
            "epg_name": "anpepg1",
            "id": "sC14",
            "relationship_type": "provider",
            "schema_id": "5eb009212c00003d960a2906",
            "template_name": "stemplate"
          },
          "private": "eyJzY2hlbWFfdmVyc2lvbiI6IjEifQ=="
        }
      ]
    }
  ]
}
