{
  "version": 4,
  "terraform_version": "0.12.21",
  "serial": 3,
  "lineage": "594d74fa-f77e-2240-4bd0-a3ad8cbccf2c",
  "outputs": {},
  "resources": [
    {
      "mode": "managed",
      "type": "mso_site",
      "name": "site_test_1",
      "provider": "provider.mso",
      "instances": [
        {
          "schema_version": 0,
          "attributes": {
            "apic_site_id": "998",
            "cloud_providers": null,
            "id": "5ea8333f1000003c19d8e549",
            "labels": [],
            "location": null,
            "name": "Cisco_MSO",
            "password": "cisco123",
            "platform": "on-premise",
            "urls": [
              "https://192.168.10.102"
            ],
            "username": "admin"
          },
          "private": "bnVsbA=="
        }
      ]
    }
  ]
}
