{
  "version": 4,
  "terraform_version": "0.12.21",
  "serial": 8,
  "lineage": "65138371-4dc1-fbea-bcf3-474044c46162",
  "outputs": {},
  "resources": [
    {
      "mode": "managed",
      "type": "mso_schema_template_external_epg",
      "name": "template_externalepg",
      "provider": "provider.mso",
      "instances": [
        {
          "schema_version": 1,
          "attributes": {
            "display_name": "external_epg12",
            "external_epg_name": "external_epg12",
            "external_epg_type": "on-premise",
            "id": "external_epg12",
            "include_in_preferred_group": false,
            "l3out_name": "nk_l3out",
            "l3out_schema_id": "5eba96b22c0000ed0981291e",
            "l3out_template_name": "Template1",
            "schema_id": "5eba96b22c0000ed0981291e",
            "template_name": "Template1",
            "vrf_name": "demo_vrf",
            "vrf_schema_id": "5eba96b22c0000ed0981291e",
            "vrf_template_name": "Template1"
          },
          "private": "eyJzY2hlbWFfdmVyc2lvbiI6IjEifQ=="
        }
      ]
    }
  ]
}
